<?xml version="1.0" encoding="utf-8"?>
<Project ToolsVersion="4.0" xmlns="http://schemas.microsoft.com/developer/msbuild/2003">
  <ItemGroup>
    <Filter Include="Fichiers sources">
      <UniqueIdentifier>{4FC737F1-C7A5-4376-A066-2A32D752A2FF}</UniqueIdentifier>
      <Extensions>cpp;c;cc;cxx;def;odl;idl;hpj;bat;asm;asmx</Extensions>
    </Filter>
    <Filter Include="Fichiers d%27en-tête">
      <UniqueIdentifier>{93995380-89BD-4b04-88EB-625FBE52EBFB}</UniqueIdentifier>
      <Extensions>h;hpp;hxx;hm;inl;inc;xsd</Extensions>
    </Filter>
    <Filter Include="Fichiers de ressources">
      <UniqueIdentifier>{67DA6AB6-F800-4c08-8B7A-83BB121AAD01}</UniqueIdentifier>
      <Extensions>rc;ico;cur;bmp;dlg;rc2;rct;bin;rgs;gif;jpg;jpeg;jpe;resx;tiff;tif;png;wav;mfcribbon-ms</Extensions>
    </Filter>
    <Filter Include="Fichiers sources\Main">
      <UniqueIdentifier>{8a2b0745-2c06-4ce5-a8b6-184f9ded8c9d}</UniqueIdentifier>
    </Filter>
    <Filter Include="Fichiers sources\Main\Strategy">
      <UniqueIdentifier>{b8acc936-4f03-42c5-a515-0da1764c40ce}</UniqueIdentifier>
    </Filter>
    <Filter Include="Fichiers sources\CarteDeDev">
      <UniqueIdentifier>{1572abb4-b709-403c-8237-f331e3813932}</UniqueIdentifier>
    </Filter>
    <Filter Include="Fichiers d%27en-tête\Main">
      <UniqueIdentifier>{f3c39d35-004d-4045-9e67-bb3230ff253c}</UniqueIdentifier>
    </Filter>
    <Filter Include="Fichiers d%27en-tête\CarteDeDev">
      <UniqueIdentifier>{8012a41d-1c75-4e8e-9b96-4bd99cc230ee}</UniqueIdentifier>
    </Filter>
    <Filter Include="Fichiers d%27en-tête\Main\Strategy">
      <UniqueIdentifier>{2f9706ae-3d6c-4a5b-bf2d-170db3fef9ce}</UniqueIdentifier>
    </Filter>
    <Filter Include="Fichiers sources\uC-OSII">
      <UniqueIdentifier>{01b1670c-f2a8-4ddf-ab54-7fb8d6c7354f}</UniqueIdentifier>
    </Filter>
    <Filter Include="Fichiers d%27en-tête\uC-OSII">
      <UniqueIdentifier>{95ed5e12-400d-44a5-beea-b869e20ae2a9}</UniqueIdentifier>
    </Filter>
    <Filter Include="Fichiers sources\BSP">
      <UniqueIdentifier>{438e7cf9-76fa-47d1-99c3-4269ca69182e}</UniqueIdentifier>
    </Filter>
    <Filter Include="Fichiers d%27en-tête\BSP">
      <UniqueIdentifier>{83ca2aed-ae42-4583-be06-3f156379f990}</UniqueIdentifier>
    </Filter>
  </ItemGroup>
  <ItemGroup>
    <ClCompile Include="..\..\..\src\Main\App.c">
      <Filter>Fichiers sources\Main</Filter>
    </ClCompile>
    <ClCompile Include="..\..\..\src\Main\AppGlobalFunc.c">
      <Filter>Fichiers sources\Main</Filter>
    </ClCompile>
    <ClCompile Include="..\..\..\src\Main\AppHooks.c">
      <Filter>Fichiers sources\Main</Filter>
    </ClCompile>
    <ClCompile Include="..\..\..\src\Main\LibMoving.c">
      <Filter>Fichiers sources\Main</Filter>
    </ClCompile>
    <ClCompile Include="..\..\..\src\Main\Strategy.c">
      <Filter>Fichiers sources\Main</Filter>
    </ClCompile>
    <ClCompile Include="..\..\..\src\Main\TaskAsser.c">
      <Filter>Fichiers sources\Main</Filter>
    </ClCompile>
    <ClCompile Include="..\..\..\src\Main\TaskMain.c">
      <Filter>Fichiers sources\Main</Filter>
    </ClCompile>
    <ClCompile Include="..\..\..\src\Main\TaskMvt.c">
      <Filter>Fichiers sources\Main</Filter>
    </ClCompile>
    <ClCompile Include="..\..\..\src\Main\TaskOdo.c">
      <Filter>Fichiers sources\Main</Filter>
    </ClCompile>
    <ClCompile Include="..\..\..\src\Main\TaskSensors.c">
      <Filter>Fichiers sources\Main</Filter>
    </ClCompile>
    <ClCompile Include="..\..\..\src\Main\TaskTempo.c">
      <Filter>Fichiers sources\Main</Filter>
    </ClCompile>
    <ClCompile Include="..\..\..\src\Main\Strategy\HomolColorA.c">
      <Filter>Fichiers sources\Main\Strategy</Filter>
    </ClCompile>
    <ClCompile Include="..\..\..\src\Main\Strategy\HomolColorB.c">
      <Filter>Fichiers sources\Main\Strategy</Filter>
    </ClCompile>
    <ClCompile Include="..\..\..\src\DevCard\1602D.c">
      <Filter>Fichiers sources\CarteDeDev</Filter>
    </ClCompile>
    <ClCompile Include="..\..\..\src\uC-LIB\lib_str.c">
      <Filter>Fichiers sources\uC-OSII</Filter>
    </ClCompile>
    <ClCompile Include="..\..\..\src\uCOS-II\Ports\MIPS32-4K\Vectored-Interrupt\MPLAB-PIC32-GCC\os_cpu_c.c">
      <Filter>Fichiers sources\uC-OSII</Filter>
    </ClCompile>
    <ClCompile Include="..\..\..\src\uCOS-II\Ports\MIPS32-4K\Vectored-Interrupt\MPLAB-PIC32-GCC\os_dbg.c">
      <Filter>Fichiers sources\uC-OSII</Filter>
    </ClCompile>
    <ClCompile Include="..\..\..\src\uCOS-II\Source\os_core.c">
      <Filter>Fichiers sources\uC-OSII</Filter>
    </ClCompile>
    <ClCompile Include="..\..\..\src\uCOS-II\Source\os_flag.c">
      <Filter>Fichiers sources\uC-OSII</Filter>
    </ClCompile>
    <ClCompile Include="..\..\..\src\uCOS-II\Source\os_mbox.c">
      <Filter>Fichiers sources\uC-OSII</Filter>
    </ClCompile>
    <ClCompile Include="..\..\..\src\uCOS-II\Source\os_mem.c">
      <Filter>Fichiers sources\uC-OSII</Filter>
    </ClCompile>
    <ClCompile Include="..\..\..\src\uCOS-II\Source\os_mutex.c">
      <Filter>Fichiers sources\uC-OSII</Filter>
    </ClCompile>
    <ClCompile Include="..\..\..\src\uCOS-II\Source\os_q.c">
      <Filter>Fichiers sources\uC-OSII</Filter>
    </ClCompile>
    <ClCompile Include="..\..\..\src\uCOS-II\Source\os_sem.c">
      <Filter>Fichiers sources\uC-OSII</Filter>
    </ClCompile>
    <ClCompile Include="..\..\..\src\uCOS-II\Source\os_task.c">
      <Filter>Fichiers sources\uC-OSII</Filter>
    </ClCompile>
    <ClCompile Include="..\..\..\src\uCOS-II\Source\os_time.c">
      <Filter>Fichiers sources\uC-OSII</Filter>
    </ClCompile>
    <ClCompile Include="..\..\..\src\uCOS-II\Source\os_tmr.c">
      <Filter>Fichiers sources\uC-OSII</Filter>
    </ClCompile>
    <ClCompile Include="..\..\..\src\Microchip\PeripheralsLibs\PIC32INTlib.c">
      <Filter>Fichiers sources\uC-OSII</Filter>
    </ClCompile>
    <ClCompile Include="..\..\..\src\uC-LIB\lib_mem.c">
      <Filter>Fichiers d%27en-tête\uC-OSII</Filter>
    </ClCompile>
    <ClCompile Include="..\..\..\src\Main\HoopsControl.c">
      <Filter>Fichiers sources\Main</Filter>
    </ClCompile>
    <ClCompile Include="..\..\..\src\Main\TaskDebug.c">
      <Filter>Fichiers sources\Main</Filter>
    </ClCompile>
    <ClCompile Include="..\..\..\src\Main\TaskTest.c">
      <Filter>Fichiers sources\Main</Filter>
    </ClCompile>
    <ClCompile Include="..\..\..\src\BSP_v2\bsp.c">
      <Filter>Fichiers sources\BSP</Filter>
    </ClCompile>
    <ClCompile Include="..\..\..\src\BSP_v2\bsp_fpga.c">
      <Filter>Fichiers sources\BSP</Filter>
    </ClCompile>
    <ClCompile Include="..\..\..\src\BSP_v2\bsp_iic.c">
      <Filter>Fichiers sources\BSP</Filter>
    </ClCompile>
    <ClCompile Include="..\..\..\src\Main\TurbineControl.c">
      <Filter>Fichiers sources\Main</Filter>
    </ClCompile>
    <ClCompile Include="..\..\..\src\Main\ArmsControl.c">
      <Filter>Fichiers sources\Main</Filter>
    </ClCompile>
  </ItemGroup>
  <ItemGroup>
    <ClInclude Include="..\..\..\src\DevCard\1602D.h">
      <Filter>Fichiers d%27en-tête\CarteDeDev</Filter>
    </ClInclude>
    <ClInclude Include="..\..\..\src\Main\App.h">
      <Filter>Fichiers d%27en-tête\Main</Filter>
    </ClInclude>
    <ClInclude Include="..\..\..\src\Main\AppCustomTypes.h">
      <Filter>Fichiers d%27en-tête\Main</Filter>
    </ClInclude>
    <ClInclude Include="..\..\..\src\Main\AppGlobalFunc.h">
      <Filter>Fichiers d%27en-tête\Main</Filter>
    </ClInclude>
    <ClInclude Include="..\..\..\src\Main\AppGlobalVars.h">
      <Filter>Fichiers d%27en-tête\Main</Filter>
    </ClInclude>
    <ClInclude Include="..\..\..\src\Main\AppIncludes.h">
      <Filter>Fichiers d%27en-tête\Main</Filter>
    </ClInclude>
    <ClInclude Include="..\..\..\src\Main\LibMoving.h">
      <Filter>Fichiers d%27en-tête\Main</Filter>
    </ClInclude>
    <ClInclude Include="..\..\..\src\Main\os_cfg.h">
      <Filter>Fichiers d%27en-tête\Main</Filter>
    </ClInclude>
    <ClInclude Include="..\..\..\src\Main\Strategy.h">
      <Filter>Fichiers d%27en-tête\Main</Filter>
    </ClInclude>
    <ClInclude Include="..\..\..\src\Main\TaskAsser.h">
      <Filter>Fichiers d%27en-tête\Main</Filter>
    </ClInclude>
    <ClInclude Include="..\..\..\src\Main\TaskMain.h">
      <Filter>Fichiers d%27en-tête\Main</Filter>
    </ClInclude>
    <ClInclude Include="..\..\..\src\Main\TaskMvt.h">
      <Filter>Fichiers d%27en-tête\Main</Filter>
    </ClInclude>
    <ClInclude Include="..\..\..\src\Main\TaskOdo.h">
      <Filter>Fichiers d%27en-tête\Main</Filter>
    </ClInclude>
    <ClInclude Include="..\..\..\src\Main\TaskSensors.h">
      <Filter>Fichiers d%27en-tête\Main</Filter>
    </ClInclude>
    <ClInclude Include="..\..\..\src\Main\TaskTempo.h">
      <Filter>Fichiers d%27en-tête\Main</Filter>
    </ClInclude>
    <ClInclude Include="..\..\..\src\Main\Strategy\StrategyFromColor.h">
      <Filter>Fichiers d%27en-tête\Main\Strategy</Filter>
    </ClInclude>
    <ClInclude Include="..\..\..\src\Microchip\PeripheralsLibs\adc10.h">
      <Filter>Fichiers d%27en-tête\uC-OSII</Filter>
    </ClInclude>
    <ClInclude Include="..\..\..\src\Microchip\PeripheralsLibs\CoreTimer.h">
      <Filter>Fichiers d%27en-tête\uC-OSII</Filter>
    </ClInclude>
    <ClInclude Include="..\..\..\src\Microchip\Sys\attribs.h">
      <Filter>Fichiers d%27en-tête\uC-OSII</Filter>
    </ClInclude>
    <ClInclude Include="..\..\..\src\uC-LIB\lib_mem.h">
      <Filter>Fichiers d%27en-tête\uC-OSII</Filter>
    </ClInclude>
    <ClInclude Include="..\..\..\src\uC-CPU\MIPS32-4K\MPLAB-PIC32-GCC\cpu.h">
      <Filter>Fichiers d%27en-tête\uC-OSII</Filter>
    </ClInclude>
    <ClInclude Include="..\..\..\src\uC-CPU\cpu_def.h">
      <Filter>Fichiers d%27en-tête\uC-OSII</Filter>
    </ClInclude>
    <ClInclude Include="..\..\..\src\Microchip\PeripheralsLibs\i2c.h">
      <Filter>Fichiers d%27en-tête\uC-OSII</Filter>
    </ClInclude>
    <ClInclude Include="..\..\..\src\Microchip\PeripheralsLibs\INT.h">
      <Filter>Fichiers d%27en-tête\uC-OSII</Filter>
    </ClInclude>
    <ClInclude Include="..\..\..\src\uC-LIB\lib_def.h">
      <Filter>Fichiers d%27en-tête\uC-OSII</Filter>
    </ClInclude>
    <ClInclude Include="..\..\..\src\uCOS-II\Source\ucos_ii.h">
      <Filter>Fichiers d%27en-tête\uC-OSII</Filter>
    </ClInclude>
    <ClInclude Include="..\..\..\src\Microchip\PeripheralsLibs\uart.h">
      <Filter>Fichiers d%27en-tête\uC-OSII</Filter>
    </ClInclude>
    <ClInclude Include="..\..\..\src\Microchip\PeripheralsLibs\timer.h">
      <Filter>Fichiers d%27en-tête\uC-OSII</Filter>
    </ClInclude>
    <ClInclude Include="..\..\..\src\Microchip\PeripheralsLibs\system.h">
      <Filter>Fichiers d%27en-tête\uC-OSII</Filter>
    </ClInclude>
    <ClInclude Include="..\..\..\src\Microchip\PeripheralsLibs\ports.h">
      <Filter>Fichiers d%27en-tête\uC-OSII</Filter>
    </ClInclude>
    <ClInclude Include="..\..\..\src\Microchip\PeripheralsLibs\pmp.h">
      <Filter>Fichiers d%27en-tête\uC-OSII</Filter>
    </ClInclude>
    <ClInclude Include="..\..\..\src\Microchip\PeripheralsLibs\outcompare.h">
      <Filter>Fichiers d%27en-tête\uC-OSII</Filter>
    </ClInclude>
    <ClInclude Include="..\..\..\src\Microchip\PeripheralsLibs\osc.h">
      <Filter>Fichiers d%27en-tête\uC-OSII</Filter>
    </ClInclude>
    <ClInclude Include="..\..\..\src\uCOS-II\Ports\MIPS32-4K\Vectored-Interrupt\MPLAB-PIC32-GCC\os_cpu.h">
      <Filter>Fichiers d%27en-tête\uC-OSII</Filter>
    </ClInclude>
    <ClInclude Include="..\..\..\src\Microchip\PeripheralsLibs\mathf.h">
      <Filter>Fichiers d%27en-tête\uC-OSII</Filter>
    </ClInclude>
    <ClInclude Include="..\..\..\src\Microchip\PeripheralsLibs\math.h">
      <Filter>Fichiers d%27en-tête\uC-OSII</Filter>
    </ClInclude>
    <ClInclude Include="..\..\..\src\uC-LIB\lib_str.h">
      <Filter>Fichiers d%27en-tête\uC-OSII</Filter>
    </ClInclude>
    <ClInclude Include="..\..\..\src\Main\AppGlobalConfig.h">
      <Filter>Fichiers d%27en-tête\Main</Filter>
    </ClInclude>
    <ClInclude Include="..\..\..\src\Main\AppPrimaryConfig.h">
      <Filter>Fichiers d%27en-tête\Main</Filter>
    </ClInclude>
    <ClInclude Include="..\..\..\src\Main\AppSecondaryConfig.h">
      <Filter>Fichiers d%27en-tête\Main</Filter>
    </ClInclude>
    <ClInclude Include="..\..\..\src\Main\HoopsControl.h">
      <Filter>Fichiers d%27en-tête\Main</Filter>
    </ClInclude>
    <ClInclude Include="..\..\..\src\Main\TaskDebug.h">
      <Filter>Fichiers d%27en-tête\Main</Filter>
    </ClInclude>
    <ClInclude Include="..\..\..\src\Main\TaskTest.h">
      <Filter>Fichiers d%27en-tête\Main</Filter>
    </ClInclude>
    <ClInclude Include="..\..\..\src\BSP_v2\bsp.h">
      <Filter>Fichiers d%27en-tête\BSP</Filter>
    </ClInclude>
    <ClInclude Include="..\..\..\src\BSP_v2\bsp_fpga.h">
      <Filter>Fichiers d%27en-tête\BSP</Filter>
    </ClInclude>
    <ClInclude Include="..\..\..\src\BSP_v2\bsp_iic.h">
      <Filter>Fichiers d%27en-tête\BSP</Filter>
    </ClInclude>
    <ClInclude Include="..\..\..\src\BSP_v2\bsp_peripherals.h">
      <Filter>Fichiers d%27en-tête\BSP</Filter>
    </ClInclude>
    <ClInclude Include="..\..\..\src\BSP_v2\mini_libdef.h">
      <Filter>Fichiers d%27en-tête\BSP</Filter>
    </ClInclude>
    <ClInclude Include="..\..\..\src\Main\TurbineControl.h">
      <Filter>Fichiers d%27en-tête\Main</Filter>
    </ClInclude>
    <ClInclude Include="..\..\..\src\Main\ArmsControl.h">
      <Filter>Fichiers d%27en-tête\Main</Filter>
    </ClInclude>
  </ItemGroup>
  <ItemGroup>
    <None Include="..\..\..\src\Main\Strategy\HomolColorA.spattern">
      <Filter>Fichiers sources\Main\Strategy</Filter>
    </None>
    <None Include="..\..\..\src\Main\Strategy\HomolColorB.spattern">
      <Filter>Fichiers sources\Main\Strategy</Filter>
    </None>
  </ItemGroup>
</Project>